Microsoft Visual Studio Solution File, Format Version 9.00
# Visual Studio 2005
Project("{8BC9CEB8-8B4A-11D0-8D11-00A0C91BC942}") = "Core", "..\Src\Core\Core.vcproj", "{DBACC8DE-751E-4AE9-ACA0-83ED919C4901}"
EndProject
Project("{8BC9CEB8-8B4A-11D0-8D11-00A0C91BC942}") = "D3DDrv", "..\Src\D3DDrv\D3DDrv.vcproj", "{D3ECDD46-09B6-4091-94DC-E82311719644}"
EndProject
Project("{8BC9CEB8-8B4A-11D0-8D11-00A0C91BC942}") = "WinDrv", "..\Src\WinDrv\WinDrv.vcproj", "{86840283-B05A-4612-9323-ECA46F066623}"
EndProject
Project("{8BC9CEB8-8B4A-11D0-8D11-00A0C91BC942}") = "GameFramework", "..\Src\GameFramework\GameFramework.vcproj", "{D81C72CB-E8FC-4442-9D29-E060415DDBAA}"
EndProject
Project("{8BC9CEB8-8B4A-11D0-8D11-00A0C91BC942}") = "Engine", "..\Src\Engine\Engine.vcproj", "{F33F4FE6-1840-446E-A7D8-903B8EDFB14B}"
EndProject
Project("{8BC9CEB8-8B4A-11D0-8D11-00A0C91BC942}") = "Editor", "..\Src\Editor\Editor.vcproj", "{D701000E-E334-4915-ACE9-D59E50F98A4B}"
EndProject
Project("{8BC9CEB8-8B4A-11D0-8D11-00A0C91BC942}") = "UnrealEd", "..\Src\UnrealEd\UnrealEd.vcproj", "{20C50653-B887-40EC-B85B-06BF6E24FDB4}"
EndProject
Project("{8BC9CEB8-8B4A-11D0-8D11-00A0C91BC942}") = "ALAudio", "..\Src\ALAudio\ALAudio.vcproj", "{E67A30E5-2A88-494A-8AEC-9D079A6BE10A}"
EndProject
Project("{8BC9CEB8-8B4A-11D0-8D11-00A0C91BC942}") = "IpDrv", "..\Src\IpDrv\IpDrv.vcproj", "{0EE028CA-72A3-4A1D-ADEF-0D60B3B2EEE7}"
EndProject
Project("{8BC9CEB8-8B4A-11D0-8D11-00A0C91BC942}") = "_AVANetDrv", "..\Src\avaNet\avaNet.vcproj", "{A96DCF03-6AA8-4445-8162-60A7A6F3925C}"
EndProject
Project("{8BC9CEB8-8B4A-11D0-8D11-00A0C91BC942}") = "_AVAGame", "..\Src\avaGame\avaGame.vcproj", "{3933DD39-0C20-494C-9A48-BD319A2F55E6}"
EndProject
Project("{8BC9CEB8-8B4A-11D0-8D11-00A0C91BC942}") = "_AVAEditor", "..\Src\avaEditor\avaEditor.vcproj", "{D9C4BAFD-E25A-424F-A026-6CFB5FFE07FC}"
EndProject
Project("{8BC9CEB8-8B4A-11D0-8D11-00A0C91BC942}") = "_AVA Launch", "..\Src\avaLaunch\avaLaunch.vcproj", "{D970CF32-1655-4F04-86F9-37F6A0884531}"
	ProjectSection(ProjectDependencies) = postProject
		{A96DCF03-6AA8-4445-8162-60A7A6F3925C} = {A96DCF03-6AA8-4445-8162-60A7A6F3925C}
		{D701000E-E334-4915-ACE9-D59E50F98A4B} = {D701000E-E334-4915-ACE9-D59E50F98A4B}
		{3933DD39-0C20-494C-9A48-BD319A2F55E6} = {3933DD39-0C20-494C-9A48-BD319A2F55E6}
		{D3ECDD46-09B6-4091-94DC-E82311719644} = {D3ECDD46-09B6-4091-94DC-E82311719644}
		{20C50653-B887-40EC-B85B-06BF6E24FDB4} = {20C50653-B887-40EC-B85B-06BF6E24FDB4}
		{90323061-711F-4F24-8B95-62CC3C4B3FE7} = {90323061-711F-4F24-8B95-62CC3C4B3FE7}
		{86840283-B05A-4612-9323-ECA46F066623} = {86840283-B05A-4612-9323-ECA46F066623}
		{0EE028CA-72A3-4A1D-ADEF-0D60B3B2EEE7} = {0EE028CA-72A3-4A1D-ADEF-0D60B3B2EEE7}
		{D81C72CB-E8FC-4442-9D29-E060415DDBAA} = {D81C72CB-E8FC-4442-9D29-E060415DDBAA}
		{DBACC8DE-751E-4AE9-ACA0-83ED919C4901} = {DBACC8DE-751E-4AE9-ACA0-83ED919C4901}
		{E67A30E5-2A88-494A-8AEC-9D079A6BE10A} = {E67A30E5-2A88-494A-8AEC-9D079A6BE10A}
		{F33F4FE6-1840-446E-A7D8-903B8EDFB14B} = {F33F4FE6-1840-446E-A7D8-903B8EDFB14B}
		{D9C4BAFD-E25A-424F-A026-6CFB5FFE07FC} = {D9C4BAFD-E25A-424F-A026-6CFB5FFE07FC}
	EndProjectSection
EndProject
Project("{8BC9CEB8-8B4A-11D0-8D11-00A0C91BC942}") = "FxStudio", "..\External\FaceFX\FxStudio\FxStudio.vcproj", "{90323061-711F-4F24-8B95-62CC3C4B3FE7}"
EndProject
Global
	GlobalSection(SourceCodeControl) = preSolution
		SccNumberOfProjects = 12
		SccProjectUniqueName0 = ..\\Src\\Core\\Core.vcproj
		SccProjectName0 = Perforce\u0020Project
		SccLocalPath0 = ..\\Src\\Core
		SccProvider0 = MSSCCI:Perforce\u0020SCM
		SccProjectUniqueName1 = ..\\Src\\D3DDrv\\D3DDrv.vcproj
		SccProjectName1 = Perforce\u0020Project
		SccLocalPath1 = ..\\Src\\D3DDrv
		SccProvider1 = MSSCCI:Perforce\u0020SCM
		SccProjectUniqueName2 = ..\\Src\\WinDrv\\WinDrv.vcproj
		SccProjectName2 = Perforce\u0020Project
		SccLocalPath2 = ..\\Src\\WinDrv
		SccProvider2 = MSSCCI:Perforce\u0020SCM
		SccProjectUniqueName3 = ..\\Src\\GameFramework\\GameFramework.vcproj
		SccProjectName3 = Perforce\u0020Project
		SccLocalPath3 = ..\\Src\\GameFramework
		SccProvider3 = MSSCCI:Perforce\u0020SCM
		SccProjectUniqueName4 = ..\\Src\\Engine\\Engine.vcproj
		SccProjectName4 = Perforce\u0020Project
		SccLocalPath4 = ..\\..
		SccProvider4 = MSSCCI:Perforce\u0020SCM
		SccProjectFilePathRelativizedFromConnection4 = Development\\Src\\Engine\\
		SccProjectUniqueName5 = ..\\Src\\Editor\\Editor.vcproj
		SccProjectName5 = Perforce\u0020Project
		SccLocalPath5 = ..
		SccProvider5 = MSSCCI:Perforce\u0020SCM
		SccProjectFilePathRelativizedFromConnection5 = Src\\Editor\\
		SccProjectUniqueName6 = ..\\Src\\UnrealEd\\UnrealEd.vcproj
		SccProjectName6 = Perforce\u0020Project
		SccLocalPath6 = ..\\..
		SccProvider6 = MSSCCI:Perforce\u0020SCM
		SccProjectFilePathRelativizedFromConnection6 = Development\\Src\\UnrealEd\\
		SccProjectUniqueName7 = ..\\Src\\IpDrv\\IpDrv.vcproj
		SccProjectName7 = Perforce\u0020Project
		SccLocalPath7 = ..\\Src\\IpDrv
		SccProvider7 = MSSCCI:Perforce\u0020SCM
		SccProjectUniqueName8 = ..\\Src\\avaNet\\avaNet.vcproj
		SccProjectName8 = Perforce\u0020Project
		SccLocalPath8 = ..\\Src\\avaNet
		SccProvider8 = MSSCCI:Perforce\u0020SCM
		SccProjectUniqueName9 = ..\\Src\\avaGame\\avaGame.vcproj
		SccProjectName9 = Perforce\u0020Project
		SccLocalPath9 = ..\\Src\\avaGame
		SccProvider9 = MSSCCI:Perforce\u0020SCM
		SccProjectUniqueName10 = ..\\Src\\avaEditor\\avaEditor.vcproj
		SccProjectName10 = Perforce\u0020Project
		SccLocalPath10 = ..\\Src\\avaEditor
		SccProvider10 = MSSCCI:Perforce\u0020SCM
		SccProjectUniqueName11 = ..\\Src\\avaLaunch\\avaLaunch.vcproj
		SccProjectName11 = Perforce\u0020Project
		SccLocalPath11 = ..\\Src\\avaLaunch
		SccProvider11 = MSSCCI:Perforce\u0020SCM
	EndGlobalSection
	GlobalSection(SolutionConfigurationPlatforms) = preSolution
		Debug|Win32 = Debug|Win32
		DebugNet|Win32 = DebugNet|Win32
		Release|Win32 = Release|Win32
		ReleaseLTCG|Win32 = ReleaseLTCG|Win32
		ReleaseNet|Win32 = ReleaseNet|Win32
	EndGlobalSection
	GlobalSection(ProjectConfigurationPlatforms) = postSolution
		{DBACC8DE-751E-4AE9-ACA0-83ED919C4901}.Debug|Win32.ActiveCfg = Debug|Win32
		{DBACC8DE-751E-4AE9-ACA0-83ED919C4901}.Debug|Win32.Build.0 = Debug|Win32
		{DBACC8DE-751E-4AE9-ACA0-83ED919C4901}.DebugNet|Win32.ActiveCfg = Debug|Win32
		{DBACC8DE-751E-4AE9-ACA0-83ED919C4901}.DebugNet|Win32.Build.0 = Debug|Win32
		{DBACC8DE-751E-4AE9-ACA0-83ED919C4901}.Release|Win32.ActiveCfg = Release|Win32
		{DBACC8DE-751E-4AE9-ACA0-83ED919C4901}.Release|Win32.Build.0 = Release|Win32
		{DBACC8DE-751E-4AE9-ACA0-83ED919C4901}.ReleaseLTCG|Win32.ActiveCfg = ReleaseLTCG|Win32
		{DBACC8DE-751E-4AE9-ACA0-83ED919C4901}.ReleaseLTCG|Win32.Build.0 = ReleaseLTCG|Win32
		{DBACC8DE-751E-4AE9-ACA0-83ED919C4901}.ReleaseNet|Win32.ActiveCfg = Release|Win32
		{DBACC8DE-751E-4AE9-ACA0-83ED919C4901}.ReleaseNet|Win32.Build.0 = Release|Win32
		{D3ECDD46-09B6-4091-94DC-E82311719644}.Debug|Win32.ActiveCfg = Debug|Win32
		{D3ECDD46-09B6-4091-94DC-E82311719644}.Debug|Win32.Build.0 = Debug|Win32
		{D3ECDD46-09B6-4091-94DC-E82311719644}.DebugNet|Win32.ActiveCfg = Debug|Win32
		{D3ECDD46-09B6-4091-94DC-E82311719644}.DebugNet|Win32.Build.0 = Debug|Win32
		{D3ECDD46-09B6-4091-94DC-E82311719644}.Release|Win32.ActiveCfg = Release|Win32
		{D3ECDD46-09B6-4091-94DC-E82311719644}.Release|Win32.Build.0 = Release|Win32
		{D3ECDD46-09B6-4091-94DC-E82311719644}.ReleaseLTCG|Win32.ActiveCfg = ReleaseLTCG|Win32
		{D3ECDD46-09B6-4091-94DC-E82311719644}.ReleaseLTCG|Win32.Build.0 = ReleaseLTCG|Win32
		{D3ECDD46-09B6-4091-94DC-E82311719644}.ReleaseNet|Win32.ActiveCfg = Release|Win32
		{D3ECDD46-09B6-4091-94DC-E82311719644}.ReleaseNet|Win32.Build.0 = Release|Win32
		{86840283-B05A-4612-9323-ECA46F066623}.Debug|Win32.ActiveCfg = Debug|Win32
		{86840283-B05A-4612-9323-ECA46F066623}.Debug|Win32.Build.0 = Debug|Win32
		{86840283-B05A-4612-9323-ECA46F066623}.DebugNet|Win32.ActiveCfg = Debug|Win32
		{86840283-B05A-4612-9323-ECA46F066623}.DebugNet|Win32.Build.0 = Debug|Win32
		{86840283-B05A-4612-9323-ECA46F066623}.Release|Win32.ActiveCfg = Release|Win32
		{86840283-B05A-4612-9323-ECA46F066623}.Release|Win32.Build.0 = Release|Win32
		{86840283-B05A-4612-9323-ECA46F066623}.ReleaseLTCG|Win32.ActiveCfg = ReleaseLTCG|Win32
		{86840283-B05A-4612-9323-ECA46F066623}.ReleaseLTCG|Win32.Build.0 = ReleaseLTCG|Win32
		{86840283-B05A-4612-9323-ECA46F066623}.ReleaseNet|Win32.ActiveCfg = Release|Win32
		{86840283-B05A-4612-9323-ECA46F066623}.ReleaseNet|Win32.Build.0 = Release|Win32
		{D81C72CB-E8FC-4442-9D29-E060415DDBAA}.Debug|Win32.ActiveCfg = Debug|Win32
		{D81C72CB-E8FC-4442-9D29-E060415DDBAA}.Debug|Win32.Build.0 = Debug|Win32
		{D81C72CB-E8FC-4442-9D29-E060415DDBAA}.DebugNet|Win32.ActiveCfg = Debug|Win32
		{D81C72CB-E8FC-4442-9D29-E060415DDBAA}.DebugNet|Win32.Build.0 = Debug|Win32
		{D81C72CB-E8FC-4442-9D29-E060415DDBAA}.Release|Win32.ActiveCfg = Release|Win32
		{D81C72CB-E8FC-4442-9D29-E060415DDBAA}.Release|Win32.Build.0 = Release|Win32
		{D81C72CB-E8FC-4442-9D29-E060415DDBAA}.ReleaseLTCG|Win32.ActiveCfg = ReleaseLTCG|Win32
		{D81C72CB-E8FC-4442-9D29-E060415DDBAA}.ReleaseLTCG|Win32.Build.0 = ReleaseLTCG|Win32
		{D81C72CB-E8FC-4442-9D29-E060415DDBAA}.ReleaseNet|Win32.ActiveCfg = Release|Win32
		{D81C72CB-E8FC-4442-9D29-E060415DDBAA}.ReleaseNet|Win32.Build.0 = Release|Win32
		{F33F4FE6-1840-446E-A7D8-903B8EDFB14B}.Debug|Win32.ActiveCfg = Debug|Win32
		{F33F4FE6-1840-446E-A7D8-903B8EDFB14B}.Debug|Win32.Build.0 = Debug|Win32
		{F33F4FE6-1840-446E-A7D8-903B8EDFB14B}.DebugNet|Win32.ActiveCfg = DebugNet|Win32
		{F33F4FE6-1840-446E-A7D8-903B8EDFB14B}.DebugNet|Win32.Build.0 = DebugNet|Win32
		{F33F4FE6-1840-446E-A7D8-903B8EDFB14B}.Release|Win32.ActiveCfg = Release|Win32
		{F33F4FE6-1840-446E-A7D8-903B8EDFB14B}.Release|Win32.Build.0 = Release|Win32
		{F33F4FE6-1840-446E-A7D8-903B8EDFB14B}.ReleaseLTCG|Win32.ActiveCfg = ReleaseLTCG|Win32
		{F33F4FE6-1840-446E-A7D8-903B8EDFB14B}.ReleaseLTCG|Win32.Build.0 = ReleaseLTCG|Win32
		{F33F4FE6-1840-446E-A7D8-903B8EDFB14B}.ReleaseNet|Win32.ActiveCfg = ReleaseNet|Win32
		{F33F4FE6-1840-446E-A7D8-903B8EDFB14B}.ReleaseNet|Win32.Build.0 = ReleaseNet|Win32
		{D701000E-E334-4915-ACE9-D59E50F98A4B}.Debug|Win32.ActiveCfg = Debug|Win32
		{D701000E-E334-4915-ACE9-D59E50F98A4B}.Debug|Win32.Build.0 = Debug|Win32
		{D701000E-E334-4915-ACE9-D59E50F98A4B}.DebugNet|Win32.ActiveCfg = Debug|Win32
		{D701000E-E334-4915-ACE9-D59E50F98A4B}.DebugNet|Win32.Build.0 = Debug|Win32
		{D701000E-E334-4915-ACE9-D59E50F98A4B}.Release|Win32.ActiveCfg = Release|Win32
		{D701000E-E334-4915-ACE9-D59E50F98A4B}.Release|Win32.Build.0 = Release|Win32
		{D701000E-E334-4915-ACE9-D59E50F98A4B}.ReleaseLTCG|Win32.ActiveCfg = ReleaseLTCG|Win32
		{D701000E-E334-4915-ACE9-D59E50F98A4B}.ReleaseLTCG|Win32.Build.0 = ReleaseLTCG|Win32
		{D701000E-E334-4915-ACE9-D59E50F98A4B}.ReleaseNet|Win32.ActiveCfg = Release|Win32
		{D701000E-E334-4915-ACE9-D59E50F98A4B}.ReleaseNet|Win32.Build.0 = Release|Win32
		{20C50653-B887-40EC-B85B-06BF6E24FDB4}.Debug|Win32.ActiveCfg = Debug|Win32
		{20C50653-B887-40EC-B85B-06BF6E24FDB4}.Debug|Win32.Build.0 = Debug|Win32
		{20C50653-B887-40EC-B85B-06BF6E24FDB4}.DebugNet|Win32.ActiveCfg = Debug|Win32
		{20C50653-B887-40EC-B85B-06BF6E24FDB4}.DebugNet|Win32.Build.0 = Debug|Win32
		{20C50653-B887-40EC-B85B-06BF6E24FDB4}.Release|Win32.ActiveCfg = Release|Win32
		{20C50653-B887-40EC-B85B-06BF6E24FDB4}.Release|Win32.Build.0 = Release|Win32
		{20C50653-B887-40EC-B85B-06BF6E24FDB4}.ReleaseLTCG|Win32.ActiveCfg = ReleaseLTCG|Win32
		{20C50653-B887-40EC-B85B-06BF6E24FDB4}.ReleaseLTCG|Win32.Build.0 = ReleaseLTCG|Win32
		{20C50653-B887-40EC-B85B-06BF6E24FDB4}.ReleaseNet|Win32.ActiveCfg = Release|Win32
		{20C50653-B887-40EC-B85B-06BF6E24FDB4}.ReleaseNet|Win32.Build.0 = Release|Win32
		{E67A30E5-2A88-494A-8AEC-9D079A6BE10A}.Debug|Win32.ActiveCfg = Debug|Win32
		{E67A30E5-2A88-494A-8AEC-9D079A6BE10A}.Debug|Win32.Build.0 = Debug|Win32
		{E67A30E5-2A88-494A-8AEC-9D079A6BE10A}.DebugNet|Win32.ActiveCfg = Debug|Win32
		{E67A30E5-2A88-494A-8AEC-9D079A6BE10A}.DebugNet|Win32.Build.0 = Debug|Win32
		{E67A30E5-2A88-494A-8AEC-9D079A6BE10A}.Release|Win32.ActiveCfg = Release|Win32
		{E67A30E5-2A88-494A-8AEC-9D079A6BE10A}.Release|Win32.Build.0 = Release|Win32
		{E67A30E5-2A88-494A-8AEC-9D079A6BE10A}.ReleaseLTCG|Win32.ActiveCfg = ReleaseLTCG|Win32
		{E67A30E5-2A88-494A-8AEC-9D079A6BE10A}.ReleaseLTCG|Win32.Build.0 = ReleaseLTCG|Win32
		{E67A30E5-2A88-494A-8AEC-9D079A6BE10A}.ReleaseNet|Win32.ActiveCfg = Release|Win32
		{E67A30E5-2A88-494A-8AEC-9D079A6BE10A}.ReleaseNet|Win32.Build.0 = Release|Win32
		{0EE028CA-72A3-4A1D-ADEF-0D60B3B2EEE7}.Debug|Win32.ActiveCfg = Debug|Win32
		{0EE028CA-72A3-4A1D-ADEF-0D60B3B2EEE7}.Debug|Win32.Build.0 = Debug|Win32
		{0EE028CA-72A3-4A1D-ADEF-0D60B3B2EEE7}.DebugNet|Win32.ActiveCfg = Debug|Win32
		{0EE028CA-72A3-4A1D-ADEF-0D60B3B2EEE7}.DebugNet|Win32.Build.0 = Debug|Win32
		{0EE028CA-72A3-4A1D-ADEF-0D60B3B2EEE7}.Release|Win32.ActiveCfg = Release|Win32
		{0EE028CA-72A3-4A1D-ADEF-0D60B3B2EEE7}.Release|Win32.Build.0 = Release|Win32
		{0EE028CA-72A3-4A1D-ADEF-0D60B3B2EEE7}.ReleaseLTCG|Win32.ActiveCfg = ReleaseLTCG|Win32
		{0EE028CA-72A3-4A1D-ADEF-0D60B3B2EEE7}.ReleaseLTCG|Win32.Build.0 = ReleaseLTCG|Win32
		{0EE028CA-72A3-4A1D-ADEF-0D60B3B2EEE7}.ReleaseNet|Win32.ActiveCfg = Release|Win32
		{0EE028CA-72A3-4A1D-ADEF-0D60B3B2EEE7}.ReleaseNet|Win32.Build.0 = Release|Win32
		{A96DCF03-6AA8-4445-8162-60A7A6F3925C}.Debug|Win32.ActiveCfg = Debug|Win32
		{A96DCF03-6AA8-4445-8162-60A7A6F3925C}.Debug|Win32.Build.0 = Debug|Win32
		{A96DCF03-6AA8-4445-8162-60A7A6F3925C}.DebugNet|Win32.ActiveCfg = Debug|Win32
		{A96DCF03-6AA8-4445-8162-60A7A6F3925C}.DebugNet|Win32.Build.0 = Debug|Win32
		{A96DCF03-6AA8-4445-8162-60A7A6F3925C}.Release|Win32.ActiveCfg = Release|Win32
		{A96DCF03-6AA8-4445-8162-60A7A6F3925C}.Release|Win32.Build.0 = Release|Win32
		{A96DCF03-6AA8-4445-8162-60A7A6F3925C}.ReleaseLTCG|Win32.ActiveCfg = ReleaseLTCG|Win32
		{A96DCF03-6AA8-4445-8162-60A7A6F3925C}.ReleaseLTCG|Win32.Build.0 = ReleaseLTCG|Win32
		{A96DCF03-6AA8-4445-8162-60A7A6F3925C}.ReleaseNet|Win32.ActiveCfg = Release|Win32
		{A96DCF03-6AA8-4445-8162-60A7A6F3925C}.ReleaseNet|Win32.Build.0 = Release|Win32
		{3933DD39-0C20-494C-9A48-BD319A2F55E6}.Debug|Win32.ActiveCfg = Debug|Win32
		{3933DD39-0C20-494C-9A48-BD319A2F55E6}.Debug|Win32.Build.0 = Debug|Win32
		{3933DD39-0C20-494C-9A48-BD319A2F55E6}.DebugNet|Win32.ActiveCfg = DebugNet|Win32
		{3933DD39-0C20-494C-9A48-BD319A2F55E6}.DebugNet|Win32.Build.0 = DebugNet|Win32
		{3933DD39-0C20-494C-9A48-BD319A2F55E6}.Release|Win32.ActiveCfg = Release|Win32
		{3933DD39-0C20-494C-9A48-BD319A2F55E6}.Release|Win32.Build.0 = Release|Win32
		{3933DD39-0C20-494C-9A48-BD319A2F55E6}.ReleaseLTCG|Win32.ActiveCfg = ReleaseLTCG|Win32
		{3933DD39-0C20-494C-9A48-BD319A2F55E6}.ReleaseLTCG|Win32.Build.0 = ReleaseLTCG|Win32
		{3933DD39-0C20-494C-9A48-BD319A2F55E6}.ReleaseNet|Win32.ActiveCfg = ReleaseNet|Win32
		{3933DD39-0C20-494C-9A48-BD319A2F55E6}.ReleaseNet|Win32.Build.0 = ReleaseNet|Win32
		{D9C4BAFD-E25A-424F-A026-6CFB5FFE07FC}.Debug|Win32.ActiveCfg = Debug|Win32
		{D9C4BAFD-E25A-424F-A026-6CFB5FFE07FC}.Debug|Win32.Build.0 = Debug|Win32
		{D9C4BAFD-E25A-424F-A026-6CFB5FFE07FC}.DebugNet|Win32.ActiveCfg = Debug|Win32
		{D9C4BAFD-E25A-424F-A026-6CFB5FFE07FC}.DebugNet|Win32.Build.0 = Debug|Win32
		{D9C4BAFD-E25A-424F-A026-6CFB5FFE07FC}.Release|Win32.ActiveCfg = Release|Win32
		{D9C4BAFD-E25A-424F-A026-6CFB5FFE07FC}.Release|Win32.Build.0 = Release|Win32
		{D9C4BAFD-E25A-424F-A026-6CFB5FFE07FC}.ReleaseLTCG|Win32.ActiveCfg = ReleaseLTCG|Win32
		{D9C4BAFD-E25A-424F-A026-6CFB5FFE07FC}.ReleaseLTCG|Win32.Build.0 = ReleaseLTCG|Win32
		{D9C4BAFD-E25A-424F-A026-6CFB5FFE07FC}.ReleaseNet|Win32.ActiveCfg = Release|Win32
		{D9C4BAFD-E25A-424F-A026-6CFB5FFE07FC}.ReleaseNet|Win32.Build.0 = Release|Win32
		{D970CF32-1655-4F04-86F9-37F6A0884531}.Debug|Win32.ActiveCfg = Debug|Win32
		{D970CF32-1655-4F04-86F9-37F6A0884531}.Debug|Win32.Build.0 = Debug|Win32
		{D970CF32-1655-4F04-86F9-37F6A0884531}.DebugNet|Win32.ActiveCfg = DebugNet|Win32
		{D970CF32-1655-4F04-86F9-37F6A0884531}.DebugNet|Win32.Build.0 = DebugNet|Win32
		{D970CF32-1655-4F04-86F9-37F6A0884531}.Release|Win32.ActiveCfg = Release|Win32
		{D970CF32-1655-4F04-86F9-37F6A0884531}.Release|Win32.Build.0 = Release|Win32
		{D970CF32-1655-4F04-86F9-37F6A0884531}.ReleaseLTCG|Win32.ActiveCfg = ReleaseLTCG|Win32
		{D970CF32-1655-4F04-86F9-37F6A0884531}.ReleaseLTCG|Win32.Build.0 = ReleaseLTCG|Win32
		{D970CF32-1655-4F04-86F9-37F6A0884531}.ReleaseNet|Win32.ActiveCfg = ReleaseNet|Win32
		{D970CF32-1655-4F04-86F9-37F6A0884531}.ReleaseNet|Win32.Build.0 = ReleaseNet|Win32
		{90323061-711F-4F24-8B95-62CC3C4B3FE7}.Debug|Win32.ActiveCfg = Debug|Win32
		{90323061-711F-4F24-8B95-62CC3C4B3FE7}.Debug|Win32.Build.0 = Debug|Win32
		{90323061-711F-4F24-8B95-62CC3C4B3FE7}.DebugNet|Win32.ActiveCfg = Debug|Win32
		{90323061-711F-4F24-8B95-62CC3C4B3FE7}.DebugNet|Win32.Build.0 = Debug|Win32
		{90323061-711F-4F24-8B95-62CC3C4B3FE7}.Release|Win32.ActiveCfg = Release|Win32
		{90323061-711F-4F24-8B95-62CC3C4B3FE7}.Release|Win32.Build.0 = Release|Win32
		{90323061-711F-4F24-8B95-62CC3C4B3FE7}.ReleaseLTCG|Win32.ActiveCfg = ReleaseLTCG|Win32
		{90323061-711F-4F24-8B95-62CC3C4B3FE7}.ReleaseLTCG|Win32.Build.0 = ReleaseLTCG|Win32
		{90323061-711F-4F24-8B95-62CC3C4B3FE7}.ReleaseNet|Win32.ActiveCfg = Release|Win32
		{90323061-711F-4F24-8B95-62CC3C4B3FE7}.ReleaseNet|Win32.Build.0 = Release|Win32
	EndGlobalSection
	GlobalSection(SolutionProperties) = preSolution
		HideSolutionNode = FALSE
	EndGlobalSection
EndGlobal
