Microsoft Visual Studio Solution File, Format Version 9.00
# Visual Studio 2005
Project("{8BC9CEB8-8B4A-11D0-8D11-00A0C91BC942}") = "_AVAEditor", "avaEditor\avaEditor.vcproj", "{D9C4BAFD-E25A-424F-A026-6CFB5FFE07FC}"
	ProjectSection(ProjectDependencies) = postProject
		{20C50653-B887-40EC-B85B-06BF6E24FDB4} = {20C50653-B887-40EC-B85B-06BF6E24FDB4}
		{F33F4FE6-1840-446E-A7D8-903B8EDFB14B} = {F33F4FE6-1840-446E-A7D8-903B8EDFB14B}
	EndProjectSection
EndProject
Project("{8BC9CEB8-8B4A-11D0-8D11-00A0C91BC942}") = "ALAudio", "ALAudio\ALAudio.vcproj", "{E67A30E5-2A88-494A-8AEC-9D079A6BE10A}"
	ProjectSection(ProjectDependencies) = postProject
		{F33F4FE6-1840-446E-A7D8-903B8EDFB14B} = {F33F4FE6-1840-446E-A7D8-903B8EDFB14B}
	EndProjectSection
EndProject
Project("{8BC9CEB8-8B4A-11D0-8D11-00A0C91BC942}") = "_AVAGame", "avaGame\avaGame.vcproj", "{3933DD39-0C20-494C-9A48-BD319A2F55E6}"
	ProjectSection(ProjectDependencies) = postProject
		{A96DCF03-6AA8-4445-8162-60A7A6F3925C} = {A96DCF03-6AA8-4445-8162-60A7A6F3925C}
		{D701000E-E334-4915-ACE9-D59E50F98A4B} = {D701000E-E334-4915-ACE9-D59E50F98A4B}
		{20C50653-B887-40EC-B85B-06BF6E24FDB4} = {20C50653-B887-40EC-B85B-06BF6E24FDB4}
		{86840283-B05A-4612-9323-ECA46F066623} = {86840283-B05A-4612-9323-ECA46F066623}
		{D81C72CB-E8FC-4442-9D29-E060415DDBAA} = {D81C72CB-E8FC-4442-9D29-E060415DDBAA}
		{E67A30E5-2A88-494A-8AEC-9D079A6BE10A} = {E67A30E5-2A88-494A-8AEC-9D079A6BE10A}
		{F33F4FE6-1840-446E-A7D8-903B8EDFB14B} = {F33F4FE6-1840-446E-A7D8-903B8EDFB14B}
	EndProjectSection
EndProject
Project("{8BC9CEB8-8B4A-11D0-8D11-00A0C91BC942}") = "_AVA Launch", "avaLaunch\avaLaunch.vcproj", "{D970CF32-1655-4F04-86F9-37F6A0884531}"
	ProjectSection(ProjectDependencies) = postProject
		{A96DCF03-6AA8-4445-8162-60A7A6F3925C} = {A96DCF03-6AA8-4445-8162-60A7A6F3925C}
		{3933DD39-0C20-494C-9A48-BD319A2F55E6} = {3933DD39-0C20-494C-9A48-BD319A2F55E6}
	EndProjectSection
EndProject
Project("{8BC9CEB8-8B4A-11D0-8D11-00A0C91BC942}") = "Core", "Core\Core.vcproj", "{DBACC8DE-751E-4AE9-ACA0-83ED919C4901}"
EndProject
Project("{8BC9CEB8-8B4A-11D0-8D11-00A0C91BC942}") = "D3DDrv", "D3DDrv\D3DDrv.vcproj", "{D3ECDD46-09B6-4091-94DC-E82311719644}"
EndProject
Project("{8BC9CEB8-8B4A-11D0-8D11-00A0C91BC942}") = "Editor", "Editor\Editor.vcproj", "{D701000E-E334-4915-ACE9-D59E50F98A4B}"
	ProjectSection(ProjectDependencies) = postProject
		{F33F4FE6-1840-446E-A7D8-903B8EDFB14B} = {F33F4FE6-1840-446E-A7D8-903B8EDFB14B}
	EndProjectSection
EndProject
Project("{8BC9CEB8-8B4A-11D0-8D11-00A0C91BC942}") = "Engine", "Engine\Engine.vcproj", "{F33F4FE6-1840-446E-A7D8-903B8EDFB14B}"
	ProjectSection(ProjectDependencies) = postProject
		{DBACC8DE-751E-4AE9-ACA0-83ED919C4901} = {DBACC8DE-751E-4AE9-ACA0-83ED919C4901}
		{90323061-711F-4F24-8B95-62CC3C4B3FE7} = {90323061-711F-4F24-8B95-62CC3C4B3FE7}
		{D3ECDD46-09B6-4091-94DC-E82311719644} = {D3ECDD46-09B6-4091-94DC-E82311719644}
	EndProjectSection
EndProject
Project("{8BC9CEB8-8B4A-11D0-8D11-00A0C91BC942}") = "GameFramework", "GameFramework\GameFramework.vcproj", "{D81C72CB-E8FC-4442-9D29-E060415DDBAA}"
	ProjectSection(ProjectDependencies) = postProject
		{F33F4FE6-1840-446E-A7D8-903B8EDFB14B} = {F33F4FE6-1840-446E-A7D8-903B8EDFB14B}
	EndProjectSection
EndProject
Project("{8BC9CEB8-8B4A-11D0-8D11-00A0C91BC942}") = "IpDrv", "IpDrv\IpDrv.vcproj", "{0EE028CA-72A3-4A1D-ADEF-0D60B3B2EEE7}"
	ProjectSection(ProjectDependencies) = postProject
		{F33F4FE6-1840-446E-A7D8-903B8EDFB14B} = {F33F4FE6-1840-446E-A7D8-903B8EDFB14B}
	EndProjectSection
EndProject
Project("{8BC9CEB8-8B4A-11D0-8D11-00A0C91BC942}") = "UnrealEd", "UnrealEd\UnrealEd.vcproj", "{20C50653-B887-40EC-B85B-06BF6E24FDB4}"
	ProjectSection(ProjectDependencies) = postProject
		{F33F4FE6-1840-446E-A7D8-903B8EDFB14B} = {F33F4FE6-1840-446E-A7D8-903B8EDFB14B}
	EndProjectSection
EndProject
Project("{8BC9CEB8-8B4A-11D0-8D11-00A0C91BC942}") = "WinDrv", "WinDrv\WinDrv.vcproj", "{86840283-B05A-4612-9323-ECA46F066623}"
	ProjectSection(ProjectDependencies) = postProject
		{F33F4FE6-1840-446E-A7D8-903B8EDFB14B} = {F33F4FE6-1840-446E-A7D8-903B8EDFB14B}
	EndProjectSection
EndProject
Project("{8BC9CEB8-8B4A-11D0-8D11-00A0C91BC942}") = "FxStudio", "..\External\FaceFX\FxStudio\FxStudio.vcproj", "{90323061-711F-4F24-8B95-62CC3C4B3FE7}"
EndProject
Project("{8BC9CEB8-8B4A-11D0-8D11-00A0C91BC942}") = "_AVANetDrv", "avaNet\avaNet.vcproj", "{A96DCF03-6AA8-4445-8162-60A7A6F3925C}"
	ProjectSection(ProjectDependencies) = postProject
		{F33F4FE6-1840-446E-A7D8-903B8EDFB14B} = {F33F4FE6-1840-446E-A7D8-903B8EDFB14B}
		{0EE028CA-72A3-4A1D-ADEF-0D60B3B2EEE7} = {0EE028CA-72A3-4A1D-ADEF-0D60B3B2EEE7}
	EndProjectSection
EndProject
Global
	GlobalSection(SolutionConfigurationPlatforms) = preSolution
		Debug|Win32 = Debug|Win32
		Release|Win32 = Release|Win32
		ReleaseLTCG|Win32 = ReleaseLTCG|Win32
	EndGlobalSection
	GlobalSection(ProjectConfigurationPlatforms) = postSolution
		{D9C4BAFD-E25A-424F-A026-6CFB5FFE07FC}.Debug|Win32.ActiveCfg = Debug|Win32
		{D9C4BAFD-E25A-424F-A026-6CFB5FFE07FC}.Debug|Win32.Build.0 = Debug|Win32
		{D9C4BAFD-E25A-424F-A026-6CFB5FFE07FC}.Release|Win32.ActiveCfg = Release|Win32
		{D9C4BAFD-E25A-424F-A026-6CFB5FFE07FC}.Release|Win32.Build.0 = Release|Win32
		{D9C4BAFD-E25A-424F-A026-6CFB5FFE07FC}.ReleaseLTCG|Win32.ActiveCfg = Release|Win32
		{E67A30E5-2A88-494A-8AEC-9D079A6BE10A}.Debug|Win32.ActiveCfg = Debug|Win32
		{E67A30E5-2A88-494A-8AEC-9D079A6BE10A}.Debug|Win32.Build.0 = Debug|Win32
		{E67A30E5-2A88-494A-8AEC-9D079A6BE10A}.Release|Win32.ActiveCfg = Release|Win32
		{E67A30E5-2A88-494A-8AEC-9D079A6BE10A}.Release|Win32.Build.0 = Release|Win32
		{E67A30E5-2A88-494A-8AEC-9D079A6BE10A}.ReleaseLTCG|Win32.ActiveCfg = ReleaseLTCG|Win32
		{E67A30E5-2A88-494A-8AEC-9D079A6BE10A}.ReleaseLTCG|Win32.Build.0 = ReleaseLTCG|Win32
		{3933DD39-0C20-494C-9A48-BD319A2F55E6}.Debug|Win32.ActiveCfg = Debug|Win32
		{3933DD39-0C20-494C-9A48-BD319A2F55E6}.Debug|Win32.Build.0 = Debug|Win32
		{3933DD39-0C20-494C-9A48-BD319A2F55E6}.Release|Win32.ActiveCfg = Release|Win32
		{3933DD39-0C20-494C-9A48-BD319A2F55E6}.Release|Win32.Build.0 = Release|Win32
		{3933DD39-0C20-494C-9A48-BD319A2F55E6}.ReleaseLTCG|Win32.ActiveCfg = ReleaseLTCG|Win32
		{3933DD39-0C20-494C-9A48-BD319A2F55E6}.ReleaseLTCG|Win32.Build.0 = ReleaseLTCG|Win32
		{D970CF32-1655-4F04-86F9-37F6A0884531}.Debug|Win32.ActiveCfg = Debug|Win32
		{D970CF32-1655-4F04-86F9-37F6A0884531}.Debug|Win32.Build.0 = Debug|Win32
		{D970CF32-1655-4F04-86F9-37F6A0884531}.Release|Win32.ActiveCfg = Release|Win32
		{D970CF32-1655-4F04-86F9-37F6A0884531}.Release|Win32.Build.0 = Release|Win32
		{D970CF32-1655-4F04-86F9-37F6A0884531}.ReleaseLTCG|Win32.ActiveCfg = ReleaseLTCG|Win32
		{D970CF32-1655-4F04-86F9-37F6A0884531}.ReleaseLTCG|Win32.Build.0 = ReleaseLTCG|Win32
		{DBACC8DE-751E-4AE9-ACA0-83ED919C4901}.Debug|Win32.ActiveCfg = Debug|Win32
		{DBACC8DE-751E-4AE9-ACA0-83ED919C4901}.Debug|Win32.Build.0 = Debug|Win32
		{DBACC8DE-751E-4AE9-ACA0-83ED919C4901}.Release|Win32.ActiveCfg = Release|Win32
		{DBACC8DE-751E-4AE9-ACA0-83ED919C4901}.Release|Win32.Build.0 = Release|Win32
		{DBACC8DE-751E-4AE9-ACA0-83ED919C4901}.ReleaseLTCG|Win32.ActiveCfg = ReleaseLTCG|Win32
		{DBACC8DE-751E-4AE9-ACA0-83ED919C4901}.ReleaseLTCG|Win32.Build.0 = ReleaseLTCG|Win32
		{D3ECDD46-09B6-4091-94DC-E82311719644}.Debug|Win32.ActiveCfg = Debug|Win32
		{D3ECDD46-09B6-4091-94DC-E82311719644}.Debug|Win32.Build.0 = Debug|Win32
		{D3ECDD46-09B6-4091-94DC-E82311719644}.Release|Win32.ActiveCfg = Release|Win32
		{D3ECDD46-09B6-4091-94DC-E82311719644}.Release|Win32.Build.0 = Release|Win32
		{D3ECDD46-09B6-4091-94DC-E82311719644}.ReleaseLTCG|Win32.ActiveCfg = ReleaseLTCG|Win32
		{D3ECDD46-09B6-4091-94DC-E82311719644}.ReleaseLTCG|Win32.Build.0 = ReleaseLTCG|Win32
		{D701000E-E334-4915-ACE9-D59E50F98A4B}.Debug|Win32.ActiveCfg = Debug|Win32
		{D701000E-E334-4915-ACE9-D59E50F98A4B}.Debug|Win32.Build.0 = Debug|Win32
		{D701000E-E334-4915-ACE9-D59E50F98A4B}.Release|Win32.ActiveCfg = Release|Win32
		{D701000E-E334-4915-ACE9-D59E50F98A4B}.Release|Win32.Build.0 = Release|Win32
		{D701000E-E334-4915-ACE9-D59E50F98A4B}.ReleaseLTCG|Win32.ActiveCfg = ReleaseLTCG|Win32
		{F33F4FE6-1840-446E-A7D8-903B8EDFB14B}.Debug|Win32.ActiveCfg = Debug|Win32
		{F33F4FE6-1840-446E-A7D8-903B8EDFB14B}.Debug|Win32.Build.0 = Debug|Win32
		{F33F4FE6-1840-446E-A7D8-903B8EDFB14B}.Release|Win32.ActiveCfg = Release|Win32
		{F33F4FE6-1840-446E-A7D8-903B8EDFB14B}.Release|Win32.Build.0 = Release|Win32
		{F33F4FE6-1840-446E-A7D8-903B8EDFB14B}.ReleaseLTCG|Win32.ActiveCfg = ReleaseLTCG|Win32
		{F33F4FE6-1840-446E-A7D8-903B8EDFB14B}.ReleaseLTCG|Win32.Build.0 = ReleaseLTCG|Win32
		{D81C72CB-E8FC-4442-9D29-E060415DDBAA}.Debug|Win32.ActiveCfg = Debug|Win32
		{D81C72CB-E8FC-4442-9D29-E060415DDBAA}.Debug|Win32.Build.0 = Debug|Win32
		{D81C72CB-E8FC-4442-9D29-E060415DDBAA}.Release|Win32.ActiveCfg = Release|Win32
		{D81C72CB-E8FC-4442-9D29-E060415DDBAA}.Release|Win32.Build.0 = Release|Win32
		{D81C72CB-E8FC-4442-9D29-E060415DDBAA}.ReleaseLTCG|Win32.ActiveCfg = ReleaseLTCG|Win32
		{D81C72CB-E8FC-4442-9D29-E060415DDBAA}.ReleaseLTCG|Win32.Build.0 = ReleaseLTCG|Win32
		{0EE028CA-72A3-4A1D-ADEF-0D60B3B2EEE7}.Debug|Win32.ActiveCfg = Debug|Win32
		{0EE028CA-72A3-4A1D-ADEF-0D60B3B2EEE7}.Debug|Win32.Build.0 = Debug|Win32
		{0EE028CA-72A3-4A1D-ADEF-0D60B3B2EEE7}.Release|Win32.ActiveCfg = Release|Win32
		{0EE028CA-72A3-4A1D-ADEF-0D60B3B2EEE7}.Release|Win32.Build.0 = Release|Win32
		{0EE028CA-72A3-4A1D-ADEF-0D60B3B2EEE7}.ReleaseLTCG|Win32.ActiveCfg = ReleaseLTCG|Win32
		{0EE028CA-72A3-4A1D-ADEF-0D60B3B2EEE7}.ReleaseLTCG|Win32.Build.0 = ReleaseLTCG|Win32
		{20C50653-B887-40EC-B85B-06BF6E24FDB4}.Debug|Win32.ActiveCfg = Debug|Win32
		{20C50653-B887-40EC-B85B-06BF6E24FDB4}.Debug|Win32.Build.0 = Debug|Win32
		{20C50653-B887-40EC-B85B-06BF6E24FDB4}.Release|Win32.ActiveCfg = Release|Win32
		{20C50653-B887-40EC-B85B-06BF6E24FDB4}.Release|Win32.Build.0 = Release|Win32
		{20C50653-B887-40EC-B85B-06BF6E24FDB4}.ReleaseLTCG|Win32.ActiveCfg = ReleaseLTCG|Win32
		{86840283-B05A-4612-9323-ECA46F066623}.Debug|Win32.ActiveCfg = Debug|Win32
		{86840283-B05A-4612-9323-ECA46F066623}.Debug|Win32.Build.0 = Debug|Win32
		{86840283-B05A-4612-9323-ECA46F066623}.Release|Win32.ActiveCfg = Release|Win32
		{86840283-B05A-4612-9323-ECA46F066623}.Release|Win32.Build.0 = Release|Win32
		{86840283-B05A-4612-9323-ECA46F066623}.ReleaseLTCG|Win32.ActiveCfg = ReleaseLTCG|Win32
		{86840283-B05A-4612-9323-ECA46F066623}.ReleaseLTCG|Win32.Build.0 = ReleaseLTCG|Win32
		{90323061-711F-4F24-8B95-62CC3C4B3FE7}.Debug|Win32.ActiveCfg = Debug|Win32
		{90323061-711F-4F24-8B95-62CC3C4B3FE7}.Debug|Win32.Build.0 = Debug|Win32
		{90323061-711F-4F24-8B95-62CC3C4B3FE7}.Release|Win32.ActiveCfg = Release|Win32
		{90323061-711F-4F24-8B95-62CC3C4B3FE7}.Release|Win32.Build.0 = Release|Win32
		{90323061-711F-4F24-8B95-62CC3C4B3FE7}.ReleaseLTCG|Win32.ActiveCfg = Release|Win32
		{90323061-711F-4F24-8B95-62CC3C4B3FE7}.ReleaseLTCG|Win32.Build.0 = Release|Win32
		{A96DCF03-6AA8-4445-8162-60A7A6F3925C}.Debug|Win32.ActiveCfg = Debug|Win32
		{A96DCF03-6AA8-4445-8162-60A7A6F3925C}.Debug|Win32.Build.0 = Debug|Win32
		{A96DCF03-6AA8-4445-8162-60A7A6F3925C}.Release|Win32.ActiveCfg = Release|Win32
		{A96DCF03-6AA8-4445-8162-60A7A6F3925C}.Release|Win32.Build.0 = Release|Win32
		{A96DCF03-6AA8-4445-8162-60A7A6F3925C}.ReleaseLTCG|Win32.ActiveCfg = ReleaseLTCG|Win32
		{A96DCF03-6AA8-4445-8162-60A7A6F3925C}.ReleaseLTCG|Win32.Build.0 = ReleaseLTCG|Win32
	EndGlobalSection
	GlobalSection(SolutionProperties) = preSolution
		HideSolutionNode = FALSE
	EndGlobalSection
EndGlobal
